Microsoft Visual Studio Solution File, Format Version 12.00
# Visual Studio 15
VisualStudioVersion = 15.0.26730.3
MinimumVisualStudioVersion = 10.0.40219.1
Project("{FAE04EC0-301F-11D3-BF4B-00C04F79EFBC}") = "NewAppyFleet", "NewAppyFleet\NewAppyFleet.csproj", "{6EF977FB-2213-4ECA-B8A8-E85CC8D72EBF}"
EndProject
Project("{FAE04EC0-301F-11D3-BF4B-00C04F79EFBC}") = "NewAppyFleet.iOS", "iOS\NewAppyFleet.iOS.csproj", "{5A128A5D-1A05-4AC5-BF31-A15DCD6499F6}"
EndProject
Project("{FAE04EC0-301F-11D3-BF4B-00C04F79EFBC}") = "NewAppyFleet.Droid", "Droid\NewAppyFleet.Droid.csproj", "{1953E157-1035-4DD4-993F-A19D922AB5D6}"
EndProject
Project("{FAE04EC0-301F-11D3-BF4B-00C04F79EFBC}") = "mvvmlight", "mvvmlight\mvvmlight.csproj", "{208E20F9-334F-490B-B81B-AAE20CA44FFA}"
EndProject
Project("{FAE04EC0-301F-11D3-BF4B-00C04F79EFBC}") = "AppyFleet.UWP", "AppyFleet.UWP\AppyFleet.UWP.csproj", "{DA82553C-DECD-4756-88E3-2EE9B0B1BC40}"
EndProject
Global
	GlobalSection(SolutionConfigurationPlatforms) = preSolution
		Debug|Any CPU = Debug|Any CPU
		Debug|ARM = Debug|ARM
		Debug|iPhone = Debug|iPhone
		Debug|iPhoneSimulator = Debug|iPhoneSimulator
		Debug|x64 = Debug|x64
		Debug|x86 = Debug|x86
		Release|Any CPU = Release|Any CPU
		Release|ARM = Release|ARM
		Release|iPhone = Release|iPhone
		Release|iPhoneSimulator = Release|iPhoneSimulator
		Release|x64 = Release|x64
		Release|x86 = Release|x86
	EndGlobalSection
	GlobalSection(ProjectConfigurationPlatforms) = postSolution
		{6EF977FB-2213-4ECA-B8A8-E85CC8D72EBF}.Debug|Any CPU.ActiveCfg = Debug|Any CPU
		{6EF977FB-2213-4ECA-B8A8-E85CC8D72EBF}.Debug|Any CPU.Build.0 = Debug|Any CPU
		{6EF977FB-2213-4ECA-B8A8-E85CC8D72EBF}.Debug|ARM.ActiveCfg = Debug|Any CPU
		{6EF977FB-2213-4ECA-B8A8-E85CC8D72EBF}.Debug|ARM.Build.0 = Debug|Any CPU
		{6EF977FB-2213-4ECA-B8A8-E85CC8D72EBF}.Debug|iPhone.ActiveCfg = Debug|Any CPU
		{6EF977FB-2213-4ECA-B8A8-E85CC8D72EBF}.Debug|iPhone.Build.0 = Debug|Any CPU
		{6EF977FB-2213-4ECA-B8A8-E85CC8D72EBF}.Debug|iPhoneSimulator.ActiveCfg = Debug|Any CPU
		{6EF977FB-2213-4ECA-B8A8-E85CC8D72EBF}.Debug|iPhoneSimulator.Build.0 = Debug|Any CPU
		{6EF977FB-2213-4ECA-B8A8-E85CC8D72EBF}.Debug|x64.ActiveCfg = Debug|Any CPU
		{6EF977FB-2213-4ECA-B8A8-E85CC8D72EBF}.Debug|x64.Build.0 = Debug|Any CPU
		{6EF977FB-2213-4ECA-B8A8-E85CC8D72EBF}.Debug|x86.ActiveCfg = Debug|Any CPU
		{6EF977FB-2213-4ECA-B8A8-E85CC8D72EBF}.Debug|x86.Build.0 = Debug|Any CPU
		{6EF977FB-2213-4ECA-B8A8-E85CC8D72EBF}.Release|Any CPU.ActiveCfg = Release|Any CPU
		{6EF977FB-2213-4ECA-B8A8-E85CC8D72EBF}.Release|Any CPU.Build.0 = Release|Any CPU
		{6EF977FB-2213-4ECA-B8A8-E85CC8D72EBF}.Release|ARM.ActiveCfg = Release|Any CPU
		{6EF977FB-2213-4ECA-B8A8-E85CC8D72EBF}.Release|ARM.Build.0 = Release|Any CPU
		{6EF977FB-2213-4ECA-B8A8-E85CC8D72EBF}.Release|iPhone.ActiveCfg = Release|Any CPU
		{6EF977FB-2213-4ECA-B8A8-E85CC8D72EBF}.Release|iPhone.Build.0 = Release|Any CPU
		{6EF977FB-2213-4ECA-B8A8-E85CC8D72EBF}.Release|iPhoneSimulator.ActiveCfg = Release|Any CPU
		{6EF977FB-2213-4ECA-B8A8-E85CC8D72EBF}.Release|iPhoneSimulator.Build.0 = Release|Any CPU
		{6EF977FB-2213-4ECA-B8A8-E85CC8D72EBF}.Release|x64.ActiveCfg = Release|Any CPU
		{6EF977FB-2213-4ECA-B8A8-E85CC8D72EBF}.Release|x64.Build.0 = Release|Any CPU
		{6EF977FB-2213-4ECA-B8A8-E85CC8D72EBF}.Release|x86.ActiveCfg = Release|Any CPU
		{6EF977FB-2213-4ECA-B8A8-E85CC8D72EBF}.Release|x86.Build.0 = Release|Any CPU
		{5A128A5D-1A05-4AC5-BF31-A15DCD6499F6}.Debug|Any CPU.ActiveCfg = Debug|iPhoneSimulator
		{5A128A5D-1A05-4AC5-BF31-A15DCD6499F6}.Debug|Any CPU.Build.0 = Debug|iPhoneSimulator
		{5A128A5D-1A05-4AC5-BF31-A15DCD6499F6}.Debug|ARM.ActiveCfg = Debug|iPhone
		{5A128A5D-1A05-4AC5-BF31-A15DCD6499F6}.Debug|iPhone.ActiveCfg = Debug|iPhone
		{5A128A5D-1A05-4AC5-BF31-A15DCD6499F6}.Debug|iPhone.Build.0 = Debug|iPhone
		{5A128A5D-1A05-4AC5-BF31-A15DCD6499F6}.Debug|iPhoneSimulator.ActiveCfg = Debug|iPhoneSimulator
		{5A128A5D-1A05-4AC5-BF31-A15DCD6499F6}.Debug|iPhoneSimulator.Build.0 = Debug|iPhoneSimulator
		{5A128A5D-1A05-4AC5-BF31-A15DCD6499F6}.Debug|x64.ActiveCfg = Debug|iPhone
		{5A128A5D-1A05-4AC5-BF31-A15DCD6499F6}.Debug|x86.ActiveCfg = Debug|iPhone
		{5A128A5D-1A05-4AC5-BF31-A15DCD6499F6}.Release|Any CPU.ActiveCfg = Release|iPhone
		{5A128A5D-1A05-4AC5-BF31-A15DCD6499F6}.Release|Any CPU.Build.0 = Release|iPhone
		{5A128A5D-1A05-4AC5-BF31-A15DCD6499F6}.Release|ARM.ActiveCfg = Release|iPhoneSimulator
		{5A128A5D-1A05-4AC5-BF31-A15DCD6499F6}.Release|iPhone.ActiveCfg = Release|iPhone
		{5A128A5D-1A05-4AC5-BF31-A15DCD6499F6}.Release|iPhone.Build.0 = Release|iPhone
		{5A128A5D-1A05-4AC5-BF31-A15DCD6499F6}.Release|iPhoneSimulator.ActiveCfg = Release|iPhoneSimulator
		{5A128A5D-1A05-4AC5-BF31-A15DCD6499F6}.Release|iPhoneSimulator.Build.0 = Release|iPhoneSimulator
		{5A128A5D-1A05-4AC5-BF31-A15DCD6499F6}.Release|x64.ActiveCfg = Release|iPhoneSimulator
		{5A128A5D-1A05-4AC5-BF31-A15DCD6499F6}.Release|x86.ActiveCfg = Release|iPhoneSimulator
		{1953E157-1035-4DD4-993F-A19D922AB5D6}.Debug|Any CPU.ActiveCfg = Debug|Any CPU
		{1953E157-1035-4DD4-993F-A19D922AB5D6}.Debug|Any CPU.Build.0 = Debug|Any CPU
		{1953E157-1035-4DD4-993F-A19D922AB5D6}.Debug|Any CPU.Deploy.0 = Debug|Any CPU
		{1953E157-1035-4DD4-993F-A19D922AB5D6}.Debug|ARM.ActiveCfg = Debug|Any CPU
		{1953E157-1035-4DD4-993F-A19D922AB5D6}.Debug|ARM.Build.0 = Debug|Any CPU
		{1953E157-1035-4DD4-993F-A19D922AB5D6}.Debug|ARM.Deploy.0 = Debug|Any CPU
		{1953E157-1035-4DD4-993F-A19D922AB5D6}.Debug|iPhone.ActiveCfg = Debug|Any CPU
		{1953E157-1035-4DD4-993F-A19D922AB5D6}.Debug|iPhone.Build.0 = Debug|Any CPU
		{1953E157-1035-4DD4-993F-A19D922AB5D6}.Debug|iPhoneSimulator.ActiveCfg = Debug|Any CPU
		{1953E157-1035-4DD4-993F-A19D922AB5D6}.Debug|iPhoneSimulator.Build.0 = Debug|Any CPU
		{1953E157-1035-4DD4-993F-A19D922AB5D6}.Debug|iPhoneSimulator.Deploy.0 = Debug|Any CPU
		{1953E157-1035-4DD4-993F-A19D922AB5D6}.Debug|x64.ActiveCfg = Debug|Any CPU
		{1953E157-1035-4DD4-993F-A19D922AB5D6}.Debug|x64.Build.0 = Debug|Any CPU
		{1953E157-1035-4DD4-993F-A19D922AB5D6}.Debug|x64.Deploy.0 = Debug|Any CPU
		{1953E157-1035-4DD4-993F-A19D922AB5D6}.Debug|x86.ActiveCfg = Debug|Any CPU
		{1953E157-1035-4DD4-993F-A19D922AB5D6}.Debug|x86.Build.0 = Debug|Any CPU
		{1953E157-1035-4DD4-993F-A19D922AB5D6}.Debug|x86.Deploy.0 = Debug|Any CPU
		{1953E157-1035-4DD4-993F-A19D922AB5D6}.Release|Any CPU.ActiveCfg = Release|Any CPU
		{1953E157-1035-4DD4-993F-A19D922AB5D6}.Release|Any CPU.Build.0 = Release|Any CPU
		{1953E157-1035-4DD4-993F-A19D922AB5D6}.Release|ARM.ActiveCfg = Release|Any CPU
		{1953E157-1035-4DD4-993F-A19D922AB5D6}.Release|ARM.Build.0 = Release|Any CPU
		{1953E157-1035-4DD4-993F-A19D922AB5D6}.Release|ARM.Deploy.0 = Release|Any CPU
		{1953E157-1035-4DD4-993F-A19D922AB5D6}.Release|iPhone.ActiveCfg = Release|Any CPU
		{1953E157-1035-4DD4-993F-A19D922AB5D6}.Release|iPhone.Build.0 = Release|Any CPU
		{1953E157-1035-4DD4-993F-A19D922AB5D6}.Release|iPhoneSimulator.ActiveCfg = Release|Any CPU
		{1953E157-1035-4DD4-993F-A19D922AB5D6}.Release|iPhoneSimulator.Build.0 = Release|Any CPU
		{1953E157-1035-4DD4-993F-A19D922AB5D6}.Release|x64.ActiveCfg = Release|Any CPU
		{1953E157-1035-4DD4-993F-A19D922AB5D6}.Release|x64.Build.0 = Release|Any CPU
		{1953E157-1035-4DD4-993F-A19D922AB5D6}.Release|x64.Deploy.0 = Release|Any CPU
		{1953E157-1035-4DD4-993F-A19D922AB5D6}.Release|x86.ActiveCfg = Release|Any CPU
		{1953E157-1035-4DD4-993F-A19D922AB5D6}.Release|x86.Build.0 = Release|Any CPU
		{1953E157-1035-4DD4-993F-A19D922AB5D6}.Release|x86.Deploy.0 = Release|Any CPU
		{208E20F9-334F-490B-B81B-AAE20CA44FFA}.Debug|Any CPU.ActiveCfg = Debug|Any CPU
		{208E20F9-334F-490B-B81B-AAE20CA44FFA}.Debug|Any CPU.Build.0 = Debug|Any CPU
		{208E20F9-334F-490B-B81B-AAE20CA44FFA}.Debug|ARM.ActiveCfg = Debug|Any CPU
		{208E20F9-334F-490B-B81B-AAE20CA44FFA}.Debug|ARM.Build.0 = Debug|Any CPU
		{208E20F9-334F-490B-B81B-AAE20CA44FFA}.Debug|iPhone.ActiveCfg = Debug|Any CPU
		{208E20F9-334F-490B-B81B-AAE20CA44FFA}.Debug|iPhone.Build.0 = Debug|Any CPU
		{208E20F9-334F-490B-B81B-AAE20CA44FFA}.Debug|iPhoneSimulator.ActiveCfg = Debug|Any CPU
		{208E20F9-334F-490B-B81B-AAE20CA44FFA}.Debug|iPhoneSimulator.Build.0 = Debug|Any CPU
		{208E20F9-334F-490B-B81B-AAE20CA44FFA}.Debug|x64.ActiveCfg = Debug|Any CPU
		{208E20F9-334F-490B-B81B-AAE20CA44FFA}.Debug|x64.Build.0 = Debug|Any CPU
		{208E20F9-334F-490B-B81B-AAE20CA44FFA}.Debug|x86.ActiveCfg = Debug|Any CPU
		{208E20F9-334F-490B-B81B-AAE20CA44FFA}.Debug|x86.Build.0 = Debug|Any CPU
		{208E20F9-334F-490B-B81B-AAE20CA44FFA}.Release|Any CPU.ActiveCfg = Release|Any CPU
		{208E20F9-334F-490B-B81B-AAE20CA44FFA}.Release|Any CPU.Build.0 = Release|Any CPU
		{208E20F9-334F-490B-B81B-AAE20CA44FFA}.Release|ARM.ActiveCfg = Release|Any CPU
		{208E20F9-334F-490B-B81B-AAE20CA44FFA}.Release|ARM.Build.0 = Release|Any CPU
		{208E20F9-334F-490B-B81B-AAE20CA44FFA}.Release|iPhone.ActiveCfg = Release|Any CPU
		{208E20F9-334F-490B-B81B-AAE20CA44FFA}.Release|iPhone.Build.0 = Release|Any CPU
		{208E20F9-334F-490B-B81B-AAE20CA44FFA}.Release|iPhoneSimulator.ActiveCfg = Release|Any CPU
		{208E20F9-334F-490B-B81B-AAE20CA44FFA}.Release|iPhoneSimulator.Build.0 = Release|Any CPU
		{208E20F9-334F-490B-B81B-AAE20CA44FFA}.Release|x64.ActiveCfg = Release|Any CPU
		{208E20F9-334F-490B-B81B-AAE20CA44FFA}.Release|x64.Build.0 = Release|Any CPU
		{208E20F9-334F-490B-B81B-AAE20CA44FFA}.Release|x86.ActiveCfg = Release|Any CPU
		{208E20F9-334F-490B-B81B-AAE20CA44FFA}.Release|x86.Build.0 = Release|Any CPU
		{DA82553C-DECD-4756-88E3-2EE9B0B1BC40}.Debug|Any CPU.ActiveCfg = Debug|ARM
		{DA82553C-DECD-4756-88E3-2EE9B0B1BC40}.Debug|Any CPU.Build.0 = Debug|ARM
		{DA82553C-DECD-4756-88E3-2EE9B0B1BC40}.Debug|Any CPU.Deploy.0 = Debug|ARM
		{DA82553C-DECD-4756-88E3-2EE9B0B1BC40}.Debug|ARM.ActiveCfg = Debug|ARM
		{DA82553C-DECD-4756-88E3-2EE9B0B1BC40}.Debug|ARM.Build.0 = Debug|ARM
		{DA82553C-DECD-4756-88E3-2EE9B0B1BC40}.Debug|ARM.Deploy.0 = Debug|ARM
		{DA82553C-DECD-4756-88E3-2EE9B0B1BC40}.Debug|iPhone.ActiveCfg = Debug|x86
		{DA82553C-DECD-4756-88E3-2EE9B0B1BC40}.Debug|iPhoneSimulator.ActiveCfg = Debug|x86
		{DA82553C-DECD-4756-88E3-2EE9B0B1BC40}.Debug|iPhoneSimulator.Build.0 = Debug|x86
		{DA82553C-DECD-4756-88E3-2EE9B0B1BC40}.Debug|iPhoneSimulator.Deploy.0 = Debug|x86
		{DA82553C-DECD-4756-88E3-2EE9B0B1BC40}.Debug|x64.ActiveCfg = Debug|x64
		{DA82553C-DECD-4756-88E3-2EE9B0B1BC40}.Debug|x64.Build.0 = Debug|x64
		{DA82553C-DECD-4756-88E3-2EE9B0B1BC40}.Debug|x64.Deploy.0 = Debug|x64
		{DA82553C-DECD-4756-88E3-2EE9B0B1BC40}.Debug|x86.ActiveCfg = Debug|x86
		{DA82553C-DECD-4756-88E3-2EE9B0B1BC40}.Debug|x86.Build.0 = Debug|x86
		{DA82553C-DECD-4756-88E3-2EE9B0B1BC40}.Debug|x86.Deploy.0 = Debug|x86
		{DA82553C-DECD-4756-88E3-2EE9B0B1BC40}.Release|Any CPU.ActiveCfg = Release|x86
		{DA82553C-DECD-4756-88E3-2EE9B0B1BC40}.Release|ARM.ActiveCfg = Release|ARM
		{DA82553C-DECD-4756-88E3-2EE9B0B1BC40}.Release|ARM.Build.0 = Release|ARM
		{DA82553C-DECD-4756-88E3-2EE9B0B1BC40}.Release|ARM.Deploy.0 = Release|ARM
		{DA82553C-DECD-4756-88E3-2EE9B0B1BC40}.Release|iPhone.ActiveCfg = Release|x86
		{DA82553C-DECD-4756-88E3-2EE9B0B1BC40}.Release|iPhoneSimulator.ActiveCfg = Release|x86
		{DA82553C-DECD-4756-88E3-2EE9B0B1BC40}.Release|x64.ActiveCfg = Release|x64
		{DA82553C-DECD-4756-88E3-2EE9B0B1BC40}.Release|x64.Build.0 = Release|x64
		{DA82553C-DECD-4756-88E3-2EE9B0B1BC40}.Release|x64.Deploy.0 = Release|x64
		{DA82553C-DECD-4756-88E3-2EE9B0B1BC40}.Release|x86.ActiveCfg = Release|x86
		{DA82553C-DECD-4756-88E3-2EE9B0B1BC40}.Release|x86.Build.0 = Release|x86
		{DA82553C-DECD-4756-88E3-2EE9B0B1BC40}.Release|x86.Deploy.0 = Release|x86
	EndGlobalSection
	GlobalSection(SolutionProperties) = preSolution
		HideSolutionNode = FALSE
	EndGlobalSection
	GlobalSection(ExtensibilityGlobals) = postSolution
		SolutionGuid = {50005354-85F1-455D-B738-5470E4E312C7}
	EndGlobalSection
EndGlobal
